// !$*UTF8*$!
{
	archiveVersion = 1;
	classes = {
	};
	objectVersion = 55;
	objects = {

/* Begin PBXBuildFile section */
		780630E6274A1E79001E92FB /* AppDelegate.swift in Sources */ = {isa = PBXBuildFile; fileRef = 780630E5274A1E79001E92FB /* AppDelegate.swift */; };
		780630E8274A1E79001E92FB /* SceneDelegate.swift in Sources */ = {isa = PBXBuildFile; fileRef = 780630E7274A1E79001E92FB /* SceneDelegate.swift */; };
		780630EA274A1E79001E92FB /* HomeViewController.swift in Sources */ = {isa = PBXBuildFile; fileRef = 780630E9274A1E79001E92FB /* HomeViewController.swift */; };
		780630ED274A1E79001E92FB /* Main.storyboard in Resources */ = {isa = PBXBuildFile; fileRef = 780630EB274A1E79001E92FB /* Main.storyboard */; };
		780630EF274A1E7A001E92FB /* Assets.xcassets in Resources */ = {isa = PBXBuildFile; fileRef = 780630EE274A1E7A001E92FB /* Assets.xcassets */; };
		780630F2274A1E7A001E92FB /* LaunchScreen.storyboard in Resources */ = {isa = PBXBuildFile; fileRef = 780630F0274A1E7A001E92FB /* LaunchScreen.storyboard */; };
		78063100274A1FCC001E92FB /* ExploreViewController.swift in Sources */ = {isa = PBXBuildFile; fileRef = 780630FF274A1FCC001E92FB /* ExploreViewController.swift */; };
		78248C74274A213600887D19 /* ProfileViewController.swift in Sources */ = {isa = PBXBuildFile; fileRef = 78248C73274A213600887D19 /* ProfileViewController.swift */; };
		78248C76274A216600887D19 /* NotificationViewController.swift in Sources */ = {isa = PBXBuildFile; fileRef = 78248C75274A216600887D19 /* NotificationViewController.swift */; };
		78248C7B274A21E400887D19 /* PostViewController.swift in Sources */ = {isa = PBXBuildFile; fileRef = 78248C7A274A21E400887D19 /* PostViewController.swift */; };
		78248C7D274A220300887D19 /* EditProfileViewController.swift in Sources */ = {isa = PBXBuildFile; fileRef = 78248C7C274A220300887D19 /* EditProfileViewController.swift */; };
		78248C7F274A221700887D19 /* SettingsViewController.swift in Sources */ = {isa = PBXBuildFile; fileRef = 78248C7E274A221700887D19 /* SettingsViewController.swift */; };
		78248C81274A222D00887D19 /* ListViewController.swift in Sources */ = {isa = PBXBuildFile; fileRef = 78248C80274A222D00887D19 /* ListViewController.swift */; };
		78248C83274A225800887D19 /* SearchViewController.swift in Sources */ = {isa = PBXBuildFile; fileRef = 78248C82274A225800887D19 /* SearchViewController.swift */; };
		78248C85274A226200887D19 /* SearchResultViewController.swift in Sources */ = {isa = PBXBuildFile; fileRef = 78248C84274A226200887D19 /* SearchResultViewController.swift */; };
		78248C87274A228B00887D19 /* CameraViewController.swift in Sources */ = {isa = PBXBuildFile; fileRef = 78248C86274A228B00887D19 /* CameraViewController.swift */; };
		78248C89274A22AF00887D19 /* PostEditorViewController.swift in Sources */ = {isa = PBXBuildFile; fileRef = 78248C88274A22AF00887D19 /* PostEditorViewController.swift */; };
		78248C8B274A22C400887D19 /* PublishPostViewController.swift in Sources */ = {isa = PBXBuildFile; fileRef = 78248C8A274A22C400887D19 /* PublishPostViewController.swift */; };
/* End PBXBuildFile section */

/* Begin PBXFileReference section */
		780630E2274A1E79001E92FB /* InstagramOdhi.app */ = {isa = PBXFileReference; explicitFileType = wrapper.application; includeInIndex = 0; path = InstagramOdhi.app; sourceTree = BUILT_PRODUCTS_DIR; };
		780630E5274A1E79001E92FB /* AppDelegate.swift */ = {isa = PBXFileReference; lastKnownFileType = sourcecode.swift; path = AppDelegate.swift; sourceTree = "<group>"; };
		780630E7274A1E79001E92FB /* SceneDelegate.swift */ = {isa = PBXFileReference; lastKnownFileType = sourcecode.swift; path = SceneDelegate.swift; sourceTree = "<group>"; };
		780630E9274A1E79001E92FB /* HomeViewController.swift */ = {isa = PBXFileReference; lastKnownFileType = sourcecode.swift; path = HomeViewController.swift; sourceTree = "<group>"; };
		780630EC274A1E79001E92FB /* Base */ = {isa = PBXFileReference; lastKnownFileType = file.storyboard; name = Base; path = Base.lproj/Main.storyboard; sourceTree = "<group>"; };
		780630EE274A1E7A001E92FB /* Assets.xcassets */ = {isa = PBXFileReference; lastKnownFileType = folder.assetcatalog; path = Assets.xcassets; sourceTree = "<group>"; };
		780630F1274A1E7A001E92FB /* Base */ = {isa = PBXFileReference; lastKnownFileType = file.storyboard; name = Base; path = Base.lproj/LaunchScreen.storyboard; sourceTree = "<group>"; };
		780630F3274A1E7A001E92FB /* Info.plist */ = {isa = PBXFileReference; lastKnownFileType = text.plist.xml; path = Info.plist; sourceTree = "<group>"; };
		780630FF274A1FCC001E92FB /* ExploreViewController.swift */ = {isa = PBXFileReference; lastKnownFileType = sourcecode.swift; path = ExploreViewController.swift; sourceTree = "<group>"; };
		78248C73274A213600887D19 /* ProfileViewController.swift */ = {isa = PBXFileReference; lastKnownFileType = sourcecode.swift; path = ProfileViewController.swift; sourceTree = "<group>"; };
		78248C75274A216600887D19 /* NotificationViewController.swift */ = {isa = PBXFileReference; lastKnownFileType = sourcecode.swift; path = NotificationViewController.swift; sourceTree = "<group>"; };
		78248C7A274A21E400887D19 /* PostViewController.swift */ = {isa = PBXFileReference; lastKnownFileType = sourcecode.swift; path = PostViewController.swift; sourceTree = "<group>"; };
		78248C7C274A220300887D19 /* EditProfileViewController.swift */ = {isa = PBXFileReference; lastKnownFileType = sourcecode.swift; path = EditProfileViewController.swift; sourceTree = "<group>"; };
		78248C7E274A221700887D19 /* SettingsViewController.swift */ = {isa = PBXFileReference; lastKnownFileType = sourcecode.swift; path = SettingsViewController.swift; sourceTree = "<group>"; };
		78248C80274A222D00887D19 /* ListViewController.swift */ = {isa = PBXFileReference; lastKnownFileType = sourcecode.swift; path = ListViewController.swift; sourceTree = "<group>"; };
		78248C82274A225800887D19 /* SearchViewController.swift */ = {isa = PBXFileReference; lastKnownFileType = sourcecode.swift; path = SearchViewController.swift; sourceTree = "<group>"; };
		78248C84274A226200887D19 /* SearchResultViewController.swift */ = {isa = PBXFileReference; lastKnownFileType = sourcecode.swift; path = SearchResultViewController.swift; sourceTree = "<group>"; };
		78248C86274A228B00887D19 /* CameraViewController.swift */ = {isa = PBXFileReference; lastKnownFileType = sourcecode.swift; path = CameraViewController.swift; sourceTree = "<group>"; };
		78248C88274A22AF00887D19 /* PostEditorViewController.swift */ = {isa = PBXFileReference; lastKnownFileType = sourcecode.swift; path = PostEditorViewController.swift; sourceTree = "<group>"; };
		78248C8A274A22C400887D19 /* PublishPostViewController.swift */ = {isa = PBXFileReference; lastKnownFileType = sourcecode.swift; path = PublishPostViewController.swift; sourceTree = "<group>"; };
/* End PBXFileReference section */

/* Begin PBXFrameworksBuildPhase section */
		780630DF274A1E79001E92FB /* Frameworks */ = {
			isa = PBXFrameworksBuildPhase;
			buildActionMask = 2147483647;
			files = (
			);
			runOnlyForDeploymentPostprocessing = 0;
		};
/* End PBXFrameworksBuildPhase section */

/* Begin PBXGroup section */
		780630D9274A1E79001E92FB = {
			isa = PBXGroup;
			children = (
				780630E4274A1E79001E92FB /* InstagramOdhi */,
				780630E3274A1E79001E92FB /* Products */,
			);
			sourceTree = "<group>";
		};
		780630E3274A1E79001E92FB /* Products */ = {
			isa = PBXGroup;
			children = (
				780630E2274A1E79001E92FB /* InstagramOdhi.app */,
			);
			name = Products;
			sourceTree = "<group>";
		};
		780630E4274A1E79001E92FB /* InstagramOdhi */ = {
			isa = PBXGroup;
			children = (
				780630F3274A1E7A001E92FB /* Info.plist */,
				780630FC274A1EAA001E92FB /* Models */,
				780630FB274A1EA4001E92FB /* Resources */,
				780630FA274A1E9E001E92FB /* Views */,
				780630FD274A1EB0001E92FB /* Controllers */,
			);
			path = InstagramOdhi;
			sourceTree = "<group>";
		};
		780630FA274A1E9E001E92FB /* Views */ = {
			isa = PBXGroup;
			children = (
				780630FE274A1F3D001E92FB /* Storyboard */,
				780630EE274A1E7A001E92FB /* Assets.xcassets */,
			);
			path = Views;
			sourceTree = "<group>";
		};
		780630FB274A1EA4001E92FB /* Resources */ = {
			isa = PBXGroup;
			children = (
				780630E5274A1E79001E92FB /* AppDelegate.swift */,
				780630E7274A1E79001E92FB /* SceneDelegate.swift */,
			);
			path = Resources;
			sourceTree = "<group>";
		};
		780630FC274A1EAA001E92FB /* Models */ = {
			isa = PBXGroup;
			children = (
			);
			path = Models;
			sourceTree = "<group>";
		};
		780630FD274A1EB0001E92FB /* Controllers */ = {
			isa = PBXGroup;
			children = (
				78248C78274A21BE00887D19 /* Other */,
				78248C77274A217300887D19 /* CoreTabs */,
			);
			path = Controllers;
			sourceTree = "<group>";
		};
		780630FE274A1F3D001E92FB /* Storyboard */ = {
			isa = PBXGroup;
			children = (
				780630EB274A1E79001E92FB /* Main.storyboard */,
				780630F0274A1E7A001E92FB /* LaunchScreen.storyboard */,
			);
			path = Storyboard;
			sourceTree = "<group>";
		};
		78248C77274A217300887D19 /* CoreTabs */ = {
			isa = PBXGroup;
			children = (
				780630E9274A1E79001E92FB /* HomeViewController.swift */,
				780630FF274A1FCC001E92FB /* ExploreViewController.swift */,
				78248C73274A213600887D19 /* ProfileViewController.swift */,
				78248C75274A216600887D19 /* NotificationViewController.swift */,
				78248C86274A228B00887D19 /* CameraViewController.swift */,
			);
			path = CoreTabs;
			sourceTree = "<group>";
		};
		78248C78274A21BE00887D19 /* Other */ = {
			isa = PBXGroup;
			children = (
				78248C79274A21C900887D19 /* OnBoarding */,
				78248C7A274A21E400887D19 /* PostViewController.swift */,
				78248C7C274A220300887D19 /* EditProfileViewController.swift */,
				78248C7E274A221700887D19 /* SettingsViewController.swift */,
				78248C80274A222D00887D19 /* ListViewController.swift */,
				78248C82274A225800887D19 /* SearchViewController.swift */,
				78248C84274A226200887D19 /* SearchResultViewController.swift */,
				78248C88274A22AF00887D19 /* PostEditorViewController.swift */,
				78248C8A274A22C400887D19 /* PublishPostViewController.swift */,
			);
			path = Other;
			sourceTree = "<group>";
		};
		78248C79274A21C900887D19 /* OnBoarding */ = {
			isa = PBXGroup;
			children = (
			);
			path = OnBoarding;
			sourceTree = "<group>";
		};
/* End PBXGroup section */

/* Begin PBXNativeTarget section */
		780630E1274A1E79001E92FB /* InstagramOdhi */ = {
			isa = PBXNativeTarget;
			buildConfigurationList = 780630F6274A1E7A001E92FB /* Build configuration list for PBXNativeTarget "InstagramOdhi" */;
			buildPhases = (
				780630DE274A1E79001E92FB /* Sources */,
				780630DF274A1E79001E92FB /* Frameworks */,
				780630E0274A1E79001E92FB /* Resources */,
			);
			buildRules = (
			);
			dependencies = (
			);
			name = InstagramOdhi;
			productName = InstagramOdhi;
			productReference = 780630E2274A1E79001E92FB /* InstagramOdhi.app */;
			productType = "com.apple.product-type.application";
		};
/* End PBXNativeTarget section */

/* Begin PBXProject section */
		780630DA274A1E79001E92FB /* Project object */ = {
			isa = PBXProject;
			attributes = {
				BuildIndependentTargetsInParallel = 1;
				LastSwiftUpdateCheck = 1310;
				LastUpgradeCheck = 1310;
				TargetAttributes = {
					780630E1274A1E79001E92FB = {
						CreatedOnToolsVersion = 13.1;
					};
				};
			};
			buildConfigurationList = 780630DD274A1E79001E92FB /* Build configuration list for PBXProject "InstagramOdhi" */;
			compatibilityVersion = "Xcode 13.0";
			developmentRegion = en;
			hasScannedForEncodings = 0;
			knownRegions = (
				en,
				Base,
			);
			mainGroup = 780630D9274A1E79001E92FB;
			productRefGroup = 780630E3274A1E79001E92FB /* Products */;
			projectDirPath = "";
			projectRoot = "";
			targets = (
				780630E1274A1E79001E92FB /* InstagramOdhi */,
			);
		};
/* End PBXProject section */

/* Begin PBXResourcesBuildPhase section */
		780630E0274A1E79001E92FB /* Resources */ = {
			isa = PBXResourcesBuildPhase;
			buildActionMask = 2147483647;
			files = (
				780630F2274A1E7A001E92FB /* LaunchScreen.storyboard in Resources */,
				780630EF274A1E7A001E92FB /* Assets.xcassets in Resources */,
				780630ED274A1E79001E92FB /* Main.storyboard in Resources */,
			);
			runOnlyForDeploymentPostprocessing = 0;
		};
/* End PBXResourcesBuildPhase section */

/* Begin PBXSourcesBuildPhase section */
		780630DE274A1E79001E92FB /* Sources */ = {
			isa = PBXSourcesBuildPhase;
			buildActionMask = 2147483647;
			files = (
				78248C7B274A21E400887D19 /* PostViewController.swift in Sources */,
				78248C89274A22AF00887D19 /* PostEditorViewController.swift in Sources */,
				78248C74274A213600887D19 /* ProfileViewController.swift in Sources */,
				78248C7F274A221700887D19 /* SettingsViewController.swift in Sources */,
				78063100274A1FCC001E92FB /* ExploreViewController.swift in Sources */,
				78248C87274A228B00887D19 /* CameraViewController.swift in Sources */,
				78248C81274A222D00887D19 /* ListViewController.swift in Sources */,
				78248C83274A225800887D19 /* SearchViewController.swift in Sources */,
				78248C76274A216600887D19 /* NotificationViewController.swift in Sources */,
				780630EA274A1E79001E92FB /* HomeViewController.swift in Sources */,
				78248C8B274A22C400887D19 /* PublishPostViewController.swift in Sources */,
				780630E6274A1E79001E92FB /* AppDelegate.swift in Sources */,
				780630E8274A1E79001E92FB /* SceneDelegate.swift in Sources */,
				78248C85274A226200887D19 /* SearchResultViewController.swift in Sources */,
				78248C7D274A220300887D19 /* EditProfileViewController.swift in Sources */,
			);
			runOnlyForDeploymentPostprocessing = 0;
		};
/* End PBXSourcesBuildPhase section */

/* Begin PBXVariantGroup section */
		780630EB274A1E79001E92FB /* Main.storyboard */ = {
			isa = PBXVariantGroup;
			children = (
				780630EC274A1E79001E92FB /* Base */,
			);
			name = Main.storyboard;
			sourceTree = "<group>";
		};
		780630F0274A1E7A001E92FB /* LaunchScreen.storyboard */ = {
			isa = PBXVariantGroup;
			children = (
				780630F1274A1E7A001E92FB /* Base */,
			);
			name = LaunchScreen.storyboard;
			sourceTree = "<group>";
		};
/* End PBXVariantGroup section */

/* Begin XCBuildConfiguration section */
		780630F4274A1E7A001E92FB /* Debug */ = {
			isa = XCBuildConfiguration;
			buildSettings = {
				ALWAYS_SEARCH_USER_PATHS = NO;
				CLANG_ANALYZER_NONNULL = YES;
				CLANG_ANALYZER_NUMBER_OBJECT_CONVERSION = YES_AGGRESSIVE;
				CLANG_CXX_LANGUAGE_STANDARD = "gnu++17";
				CLANG_CXX_LIBRARY = "libc++";
				CLANG_ENABLE_MODULES = YES;
				CLANG_ENABLE_OBJC_ARC = YES;
				CLANG_ENABLE_OBJC_WEAK = YES;
				CLANG_WARN_BLOCK_CAPTURE_AUTORELEASING = YES;
				CLANG_WARN_BOOL_CONVERSION = YES;
				CLANG_WARN_COMMA = YES;
				CLANG_WARN_CONSTANT_CONVERSION = YES;
				CLANG_WARN_DEPRECATED_OBJC_IMPLEMENTATIONS = YES;
				CLANG_WARN_DIRECT_OBJC_ISA_USAGE = YES_ERROR;
				CLANG_WARN_DOCUMENTATION_COMMENTS = YES;
				CLANG_WARN_EMPTY_BODY = YES;
				CLANG_WARN_ENUM_CONVERSION = YES;
				CLANG_WARN_INFINITE_RECURSION = YES;
				CLANG_WARN_INT_CONVERSION = YES;
				CLANG_WARN_NON_LITERAL_NULL_CONVERSION = YES;
				CLANG_WARN_OBJC_IMPLICIT_RETAIN_SELF = YES;
				CLANG_WARN_OBJC_LITERAL_CONVERSION = YES;
				CLANG_WARN_OBJC_ROOT_CLASS = YES_ERROR;
				CLANG_WARN_QUOTED_INCLUDE_IN_FRAMEWORK_HEADER = YES;
				CLANG_WARN_RANGE_LOOP_ANALYSIS = YES;
				CLANG_WARN_STRICT_PROTOTYPES = YES;
				CLANG_WARN_SUSPICIOUS_MOVE = YES;
				CLANG_WARN_UNGUARDED_AVAILABILITY = YES_AGGRESSIVE;
				CLANG_WARN_UNREACHABLE_CODE = YES;
				CLANG_WARN__DUPLICATE_METHOD_MATCH = YES;
				COPY_PHASE_STRIP = NO;
				DEBUG_INFORMATION_FORMAT = dwarf;
				ENABLE_STRICT_OBJC_MSGSEND = YES;
				ENABLE_TESTABILITY = YES;
				GCC_C_LANGUAGE_STANDARD = gnu11;
				GCC_DYNAMIC_NO_PIC = NO;
				GCC_NO_COMMON_BLOCKS = YES;
				GCC_OPTIMIZATION_LEVEL = 0;
				GCC_PREPROCESSOR_DEFINITIONS = (
					"DEBUG=1",
					"$(inherited)",
				);
				GCC_WARN_64_TO_32_BIT_CONVERSION = YES;
				GCC_WARN_ABOUT_RETURN_TYPE = YES_ERROR;
				GCC_WARN_UNDECLARED_SELECTOR = YES;
				GCC_WARN_UNINITIALIZED_AUTOS = YES_AGGRESSIVE;
				GCC_WARN_UNUSED_FUNCTION = YES;
				GCC_WARN_UNUSED_VARIABLE = YES;
				IPHONEOS_DEPLOYMENT_TARGET = 15.0;
				MTL_ENABLE_DEBUG_INFO = INCLUDE_SOURCE;
				MTL_FAST_MATH = YES;
				ONLY_ACTIVE_ARCH = YES;
				SDKROOT = iphoneos;
				SWIFT_ACTIVE_COMPILATION_CONDITIONS = DEBUG;
				SWIFT_OPTIMIZATION_LEVEL = "-Onone";
			};
			name = Debug;
		};
		780630F5274A1E7A001E92FB /* Release */ = {
			isa = XCBuildConfiguration;
			buildSettings = {
				ALWAYS_SEARCH_USER_PATHS = NO;
				CLANG_ANALYZER_NONNULL = YES;
				CLANG_ANALYZER_NUMBER_OBJECT_CONVERSION = YES_AGGRESSIVE;
				CLANG_CXX_LANGUAGE_STANDARD = "gnu++17";
				CLANG_CXX_LIBRARY = "libc++";
				CLANG_ENABLE_MODULES = YES;
				CLANG_ENABLE_OBJC_ARC = YES;
				CLANG_ENABLE_OBJC_WEAK = YES;
				CLANG_WARN_BLOCK_CAPTURE_AUTORELEASING = YES;
				CLANG_WARN_BOOL_CONVERSION = YES;
				CLANG_WARN_COMMA = YES;
				CLANG_WARN_CONSTANT_CONVERSION = YES;
				CLANG_WARN_DEPRECATED_OBJC_IMPLEMENTATIONS = YES;
				CLANG_WARN_DIRECT_OBJC_ISA_USAGE = YES_ERROR;
				CLANG_WARN_DOCUMENTATION_COMMENTS = YES;
				CLANG_WARN_EMPTY_BODY = YES;
				CLANG_WARN_ENUM_CONVERSION = YES;
				CLANG_WARN_INFINITE_RECURSION = YES;
				CLANG_WARN_INT_CONVERSION = YES;
				CLANG_WARN_NON_LITERAL_NULL_CONVERSION = YES;
				CLANG_WARN_OBJC_IMPLICIT_RETAIN_SELF = YES;
				CLANG_WARN_OBJC_LITERAL_CONVERSION = YES;
				CLANG_WARN_OBJC_ROOT_CLASS = YES_ERROR;
				CLANG_WARN_QUOTED_INCLUDE_IN_FRAMEWORK_HEADER = YES;
				CLANG_WARN_RANGE_LOOP_ANALYSIS = YES;
				CLANG_WARN_STRICT_PROTOTYPES = YES;
				CLANG_WARN_SUSPICIOUS_MOVE = YES;
				CLANG_WARN_UNGUARDED_AVAILABILITY = YES_AGGRESSIVE;
				CLANG_WARN_UNREACHABLE_CODE = YES;
				CLANG_WARN__DUPLICATE_METHOD_MATCH = YES;
				COPY_PHASE_STRIP = NO;
				DEBUG_INFORMATION_FORMAT = "dwarf-with-dsym";
				ENABLE_NS_ASSERTIONS = NO;
				ENABLE_STRICT_OBJC_MSGSEND = YES;
				GCC_C_LANGUAGE_STANDARD = gnu11;
				GCC_NO_COMMON_BLOCKS = YES;
				GCC_WARN_64_TO_32_BIT_CONVERSION = YES;
				GCC_WARN_ABOUT_RETURN_TYPE = YES_ERROR;
				GCC_WARN_UNDECLARED_SELECTOR = YES;
				GCC_WARN_UNINITIALIZED_AUTOS = YES_AGGRESSIVE;
				GCC_WARN_UNUSED_FUNCTION = YES;
				GCC_WARN_UNUSED_VARIABLE = YES;
				IPHONEOS_DEPLOYMENT_TARGET = 15.0;
				MTL_ENABLE_DEBUG_INFO = NO;
				MTL_FAST_MATH = YES;
				SDKROOT = iphoneos;
				SWIFT_COMPILATION_MODE = wholemodule;
				SWIFT_OPTIMIZATION_LEVEL = "-O";
				VALIDATE_PRODUCT = YES;
			};
			name = Release;
		};
		780630F7274A1E7A001E92FB /* Debug */ = {
			isa = XCBuildConfiguration;
			buildSettings = {
				ASSETCATALOG_COMPILER_APPICON_NAME = AppIcon;
				ASSETCATALOG_COMPILER_GLOBAL_ACCENT_COLOR_NAME = AccentColor;
				CODE_SIGN_STYLE = Automatic;
				CURRENT_PROJECT_VERSION = 1;
				DEVELOPMENT_TEAM = 4Z3CT2FDA2;
				GENERATE_INFOPLIST_FILE = YES;
				INFOPLIST_FILE = InstagramOdhi/Info.plist;
				INFOPLIST_KEY_UIApplicationSupportsIndirectInputEvents = YES;
				INFOPLIST_KEY_UILaunchStoryboardName = LaunchScreen;
				INFOPLIST_KEY_UIMainStoryboardFile = Main;
				INFOPLIST_KEY_UISupportedInterfaceOrientations_iPad = "UIInterfaceOrientationPortrait UIInterfaceOrientationPortraitUpsideDown UIInterfaceOrientationLandscapeLeft UIInterfaceOrientationLandscapeRight";
				INFOPLIST_KEY_UISupportedInterfaceOrientations_iPhone = "UIInterfaceOrientationPortrait UIInterfaceOrientationLandscapeLeft UIInterfaceOrientationLandscapeRight";
				LD_RUNPATH_SEARCH_PATHS = (
					"$(inherited)",
					"@executable_path/Frameworks",
				);
				MARKETING_VERSION = 1.0;
				PRODUCT_BUNDLE_IDENTIFIER = ios.odhiahmad.InstagramOdhi;
				PRODUCT_NAME = "$(TARGET_NAME)";
				SWIFT_EMIT_LOC_STRINGS = YES;
				SWIFT_VERSION = 5.0;
				TARGETED_DEVICE_FAMILY = "1,2";
			};
			name = Debug;
		};
		780630F8274A1E7A001E92FB /* Release */ = {
			isa = XCBuildConfiguration;
			buildSettings = {
				ASSETCATALOG_COMPILER_APPICON_NAME = AppIcon;
				ASSETCATALOG_COMPILER_GLOBAL_ACCENT_COLOR_NAME = AccentColor;
				CODE_SIGN_STYLE = Automatic;
				CURRENT_PROJECT_VERSION = 1;
				DEVELOPMENT_TEAM = 4Z3CT2FDA2;
				GENERATE_INFOPLIST_FILE = YES;
				INFOPLIST_FILE = InstagramOdhi/Info.plist;
				INFOPLIST_KEY_UIApplicationSupportsIndirectInputEvents = YES;
				INFOPLIST_KEY_UILaunchStoryboardName = LaunchScreen;
				INFOPLIST_KEY_UIMainStoryboardFile = Main;
				INFOPLIST_KEY_UISupportedInterfaceOrientations_iPad = "UIInterfaceOrientationPortrait UIInterfaceOrientationPortraitUpsideDown UIInterfaceOrientationLandscapeLeft UIInterfaceOrientationLandscapeRight";
				INFOPLIST_KEY_UISupportedInterfaceOrientations_iPhone = "UIInterfaceOrientationPortrait UIInterfaceOrientationLandscapeLeft UIInterfaceOrientationLandscapeRight";
				LD_RUNPATH_SEARCH_PATHS = (
					"$(inherited)",
					"@executable_path/Frameworks",
				);
				MARKETING_VERSION = 1.0;
				PRODUCT_BUNDLE_IDENTIFIER = ios.odhiahmad.InstagramOdhi;
				PRODUCT_NAME = "$(TARGET_NAME)";
				SWIFT_EMIT_LOC_STRINGS = YES;
				SWIFT_VERSION = 5.0;
				TARGETED_DEVICE_FAMILY = "1,2";
			};
			name = Release;
		};
/* End XCBuildConfiguration section */

/* Begin XCConfigurationList section */
		780630DD274A1E79001E92FB /* Build configuration list for PBXProject "InstagramOdhi" */ = {
			isa = XCConfigurationList;
			buildConfigurations = (
				780630F4274A1E7A001E92FB /* Debug */,
				780630F5274A1E7A001E92FB /* Release */,
			);
			defaultConfigurationIsVisible = 0;
			defaultConfigurationName = Release;
		};
		780630F6274A1E7A001E92FB /* Build configuration list for PBXNativeTarget "InstagramOdhi" */ = {
			isa = XCConfigurationList;
			buildConfigurations = (
				780630F7274A1E7A001E92FB /* Debug */,
				780630F8274A1E7A001E92FB /* Release */,
			);
			defaultConfigurationIsVisible = 0;
			defaultConfigurationName = Release;
		};
/* End XCConfigurationList section */
	};
	rootObject = 780630DA274A1E79001E92FB /* Project object */;
}
